// !$*UTF8*$!
{
	archiveVersion = 1;
	classes = {
	};
	objectVersion = 50;
	objects = {

/* Begin PBXBuildFile section */
		09DCD59B2670DE90008ABB24 /* AppDelegate.swift in Sources */ = {isa = PBXBuildFile; fileRef = 09DCD59A2670DE90008ABB24 /* AppDelegate.swift */; };
		09DCD59D2670DE90008ABB24 /* SceneDelegate.swift in Sources */ = {isa = PBXBuildFile; fileRef = 09DCD59C2670DE90008ABB24 /* SceneDelegate.swift */; };
		09DCD59F2670DE90008ABB24 /* ViewController.swift in Sources */ = {isa = PBXBuildFile; fileRef = 09DCD59E2670DE90008ABB24 /* ViewController.swift */; };
		09DCD5A22670DE90008ABB24 /* Main.storyboard in Resources */ = {isa = PBXBuildFile; fileRef = 09DCD5A02670DE90008ABB24 /* Main.storyboard */; };
		09DCD5A52670DE90008ABB24 /* LittlePink.xcdatamodeld in Sources */ = {isa = PBXBuildFile; fileRef = 09DCD5A32670DE90008ABB24 /* LittlePink.xcdatamodeld */; };
		09DCD5A72670DE91008ABB24 /* Assets.xcassets in Resources */ = {isa = PBXBuildFile; fileRef = 09DCD5A62670DE91008ABB24 /* Assets.xcassets */; };
		09DCD5AA2670DE91008ABB24 /* LaunchScreen.storyboard in Resources */ = {isa = PBXBuildFile; fileRef = 09DCD5A82670DE91008ABB24 /* LaunchScreen.storyboard */; };
/* End PBXBuildFile section */

/* Begin PBXFileReference section */
		09DCD5972670DE90008ABB24 /* LittlePink.app */ = {isa = PBXFileReference; explicitFileType = wrapper.application; includeInIndex = 0; path = LittlePink.app; sourceTree = BUILT_PRODUCTS_DIR; };
		09DCD59A2670DE90008ABB24 /* AppDelegate.swift */ = {isa = PBXFileReference; lastKnownFileType = sourcecode.swift; path = AppDelegate.swift; sourceTree = "<group>"; };
		09DCD59C2670DE90008ABB24 /* SceneDelegate.swift */ = {isa = PBXFileReference; lastKnownFileType = sourcecode.swift; path = SceneDelegate.swift; sourceTree = "<group>"; };
		09DCD59E2670DE90008ABB24 /* ViewController.swift */ = {isa = PBXFileReference; lastKnownFileType = sourcecode.swift; path = ViewController.swift; sourceTree = "<group>"; };
		09DCD5A12670DE90008ABB24 /* Base */ = {isa = PBXFileReference; lastKnownFileType = file.storyboard; name = Base; path = Base.lproj/Main.storyboard; sourceTree = "<group>"; };
		09DCD5A42670DE90008ABB24 /* LittlePink.xcdatamodel */ = {isa = PBXFileReference; lastKnownFileType = wrapper.xcdatamodel; path = LittlePink.xcdatamodel; sourceTree = "<group>"; };
		09DCD5A62670DE91008ABB24 /* Assets.xcassets */ = {isa = PBXFileReference; lastKnownFileType = folder.assetcatalog; path = Assets.xcassets; sourceTree = "<group>"; };
		09DCD5A92670DE91008ABB24 /* Base */ = {isa = PBXFileReference; lastKnownFileType = file.storyboard; name = Base; path = Base.lproj/LaunchScreen.storyboard; sourceTree = "<group>"; };
		09DCD5AB2670DE91008ABB24 /* Info.plist */ = {isa = PBXFileReference; lastKnownFileType = text.plist.xml; path = Info.plist; sourceTree = "<group>"; };
/* End PBXFileReference section */

/* Begin PBXFrameworksBuildPhase section */
		09DCD5942670DE90008ABB24 /* Frameworks */ = {
			isa = PBXFrameworksBuildPhase;
			buildActionMask = 2147483647;
			files = (
			);
			runOnlyForDeploymentPostprocessing = 0;
		};
/* End PBXFrameworksBuildPhase section */

/* Begin PBXGroup section */
		09DCD58E2670DE90008ABB24 = {
			isa = PBXGroup;
			children = (
				09DCD5992670DE90008ABB24 /* LittlePink */,
				09DCD5982670DE90008ABB24 /* Products */,
			);
			sourceTree = "<group>";
		};
		09DCD5982670DE90008ABB24 /* Products */ = {
			isa = PBXGroup;
			children = (
				09DCD5972670DE90008ABB24 /* LittlePink.app */,
			);
			name = Products;
			sourceTree = "<group>";
		};
		09DCD5992670DE90008ABB24 /* LittlePink */ = {
			isa = PBXGroup;
			children = (
				09DCD59A2670DE90008ABB24 /* AppDelegate.swift */,
				09DCD59C2670DE90008ABB24 /* SceneDelegate.swift */,
				09DCD59E2670DE90008ABB24 /* ViewController.swift */,
				09DCD5A02670DE90008ABB24 /* Main.storyboard */,
				09DCD5A62670DE91008ABB24 /* Assets.xcassets */,
				09DCD5A82670DE91008ABB24 /* LaunchScreen.storyboard */,
				09DCD5AB2670DE91008ABB24 /* Info.plist */,
				09DCD5A32670DE90008ABB24 /* LittlePink.xcdatamodeld */,
			);
			path = LittlePink;
			sourceTree = "<group>";
		};
/* End PBXGroup section */

/* Begin PBXNativeTarget section */
		09DCD5962670DE90008ABB24 /* LittlePink */ = {
			isa = PBXNativeTarget;
			buildConfigurationList = 09DCD5AE2670DE91008ABB24 /* Build configuration list for PBXNativeTarget "LittlePink" */;
			buildPhases = (
				09DCD5932670DE90008ABB24 /* Sources */,
				09DCD5942670DE90008ABB24 /* Frameworks */,
				09DCD5952670DE90008ABB24 /* Resources */,
			);
			buildRules = (
			);
			dependencies = (
			);
			name = LittlePink;
			productName = LittlePink;
			productReference = 09DCD5972670DE90008ABB24 /* LittlePink.app */;
			productType = "com.apple.product-type.application";
		};
/* End PBXNativeTarget section */

/* Begin PBXProject section */
		09DCD58F2670DE90008ABB24 /* Project object */ = {
			isa = PBXProject;
			attributes = {
				LastSwiftUpdateCheck = 1250;
				LastUpgradeCheck = 1250;
				TargetAttributes = {
					09DCD5962670DE90008ABB24 = {
						CreatedOnToolsVersion = 12.5;
					};
				};
			};
			buildConfigurationList = 09DCD5922670DE90008ABB24 /* Build configuration list for PBXProject "LittlePink" */;
			compatibilityVersion = "Xcode 9.3";
			developmentRegion = en;
			hasScannedForEncodings = 0;
			knownRegions = (
				en,
				Base,
			);
			mainGroup = 09DCD58E2670DE90008ABB24;
			productRefGroup = 09DCD5982670DE90008ABB24 /* Products */;
			projectDirPath = "";
			projectRoot = "";
			targets = (
				09DCD5962670DE90008ABB24 /* LittlePink */,
			);
		};
/* End PBXProject section */

/* Begin PBXResourcesBuildPhase section */
		09DCD5952670DE90008ABB24 /* Resources */ = {
			isa = PBXResourcesBuildPhase;
			buildActionMask = 2147483647;
			files = (
				09DCD5AA2670DE91008ABB24 /* LaunchScreen.storyboard in Resources */,
				09DCD5A72670DE91008ABB24 /* Assets.xcassets in Resources */,
				09DCD5A22670DE90008ABB24 /* Main.storyboard in Resources */,
			);
			runOnlyForDeploymentPostprocessing = 0;
		};
/* End PBXResourcesBuildPhase section */

/* Begin PBXSourcesBuildPhase section */
		09DCD5932670DE90008ABB24 /* Sources */ = {
			isa = PBXSourcesBuildPhase;
			buildActionMask = 2147483647;
			files = (
				09DCD59F2670DE90008ABB24 /* ViewController.swift in Sources */,
				09DCD59B2670DE90008ABB24 /* AppDelegate.swift in Sources */,
				09DCD59D2670DE90008ABB24 /* SceneDelegate.swift in Sources */,
				09DCD5A52670DE90008ABB24 /* LittlePink.xcdatamodeld in Sources */,
			);
			runOnlyForDeploymentPostprocessing = 0;
		};
/* End PBXSourcesBuildPhase section */

/* Begin PBXVariantGroup section */
		09DCD5A02670DE90008ABB24 /* Main.storyboard */ = {
			isa = PBXVariantGroup;
			children = (
				09DCD5A12670DE90008ABB24 /* Base */,
			);
			name = Main.storyboard;
			sourceTree = "<group>";
		};
		09DCD5A82670DE91008ABB24 /* LaunchScreen.storyboard */ = {
			isa = PBXVariantGroup;
			children = (
				09DCD5A92670DE91008ABB24 /* Base */,
			);
			name = LaunchScreen.storyboard;
			sourceTree = "<group>";
		};
/* End PBXVariantGroup section */

/* Begin XCBuildConfiguration section */
		09DCD5AC2670DE91008ABB24 /* Debug */ = {
			isa = XCBuildConfiguration;
			buildSettings = {
				ALWAYS_SEARCH_USER_PATHS = NO;
				CLANG_ANALYZER_NONNULL = YES;
				CLANG_ANALYZER_NUMBER_OBJECT_CONVERSION = YES_AGGRESSIVE;
				CLANG_CXX_LANGUAGE_STANDARD = "gnu++14";
				CLANG_CXX_LIBRARY = "libc++";
				CLANG_ENABLE_MODULES = YES;
				CLANG_ENABLE_OBJC_ARC = YES;
				CLANG_ENABLE_OBJC_WEAK = YES;
				CLANG_WARN_BLOCK_CAPTURE_AUTORELEASING = YES;
				CLANG_WARN_BOOL_CONVERSION = YES;
				CLANG_WARN_COMMA = YES;
				CLANG_WARN_CONSTANT_CONVERSION = YES;
				CLANG_WARN_DEPRECATED_OBJC_IMPLEMENTATIONS = YES;
				CLANG_WARN_DIRECT_OBJC_ISA_USAGE = YES_ERROR;
				CLANG_WARN_DOCUMENTATION_COMMENTS = YES;
				CLANG_WARN_EMPTY_BODY = YES;
				CLANG_WARN_ENUM_CONVERSION = YES;
				CLANG_WARN_INFINITE_RECURSION = YES;
				CLANG_WARN_INT_CONVERSION = YES;
				CLANG_WARN_NON_LITERAL_NULL_CONVERSION = YES;
				CLANG_WARN_OBJC_IMPLICIT_RETAIN_SELF = YES;
				CLANG_WARN_OBJC_LITERAL_CONVERSION = YES;
				CLANG_WARN_OBJC_ROOT_CLASS = YES_ERROR;
				CLANG_WARN_QUOTED_INCLUDE_IN_FRAMEWORK_HEADER = YES;
				CLANG_WARN_RANGE_LOOP_ANALYSIS = YES;
				CLANG_WARN_STRICT_PROTOTYPES = YES;
				CLANG_WARN_SUSPICIOUS_MOVE = YES;
				CLANG_WARN_UNGUARDED_AVAILABILITY = YES_AGGRESSIVE;
				CLANG_WARN_UNREACHABLE_CODE = YES;
				CLANG_WARN__DUPLICATE_METHOD_MATCH = YES;
				COPY_PHASE_STRIP = NO;
				DEBUG_INFORMATION_FORMAT = dwarf;
				ENABLE_STRICT_OBJC_MSGSEND = YES;
				ENABLE_TESTABILITY = YES;
				GCC_C_LANGUAGE_STANDARD = gnu11;
				GCC_DYNAMIC_NO_PIC = NO;
				GCC_NO_COMMON_BLOCKS = YES;
				GCC_OPTIMIZATION_LEVEL = 0;
				GCC_PREPROCESSOR_DEFINITIONS = (
					"DEBUG=1",
					"$(inherited)",
				);
				GCC_WARN_64_TO_32_BIT_CONVERSION = YES;
				GCC_WARN_ABOUT_RETURN_TYPE = YES_ERROR;
				GCC_WARN_UNDECLARED_SELECTOR = YES;
				GCC_WARN_UNINITIALIZED_AUTOS = YES_AGGRESSIVE;
				GCC_WARN_UNUSED_FUNCTION = YES;
				GCC_WARN_UNUSED_VARIABLE = YES;
				IPHONEOS_DEPLOYMENT_TARGET = 14.5;
				MTL_ENABLE_DEBUG_INFO = INCLUDE_SOURCE;
				MTL_FAST_MATH = YES;
				ONLY_ACTIVE_ARCH = YES;
				SDKROOT = iphoneos;
				SWIFT_ACTIVE_COMPILATION_CONDITIONS = DEBUG;
				SWIFT_OPTIMIZATION_LEVEL = "-Onone";
			};
			name = Debug;
		};
		09DCD5AD2670DE91008ABB24 /* Release */ = {
			isa = XCBuildConfiguration;
			buildSettings = {
				ALWAYS_SEARCH_USER_PATHS = NO;
				CLANG_ANALYZER_NONNULL = YES;
				CLANG_ANALYZER_NUMBER_OBJECT_CONVERSION = YES_AGGRESSIVE;
				CLANG_CXX_LANGUAGE_STANDARD = "gnu++14";
				CLANG_CXX_LIBRARY = "libc++";
				CLANG_ENABLE_MODULES = YES;
				CLANG_ENABLE_OBJC_ARC = YES;
				CLANG_ENABLE_OBJC_WEAK = YES;
				CLANG_WARN_BLOCK_CAPTURE_AUTORELEASING = YES;
				CLANG_WARN_BOOL_CONVERSION = YES;
				CLANG_WARN_COMMA = YES;
				CLANG_WARN_CONSTANT_CONVERSION = YES;
				CLANG_WARN_DEPRECATED_OBJC_IMPLEMENTATIONS = YES;
				CLANG_WARN_DIRECT_OBJC_ISA_USAGE = YES_ERROR;
				CLANG_WARN_DOCUMENTATION_COMMENTS = YES;
				CLANG_WARN_EMPTY_BODY = YES;
				CLANG_WARN_ENUM_CONVERSION = YES;
				CLANG_WARN_INFINITE_RECURSION = YES;
				CLANG_WARN_INT_CONVERSION = YES;
				CLANG_WARN_NON_LITERAL_NULL_CONVERSION = YES;
				CLANG_WARN_OBJC_IMPLICIT_RETAIN_SELF = YES;
				CLANG_WARN_OBJC_LITERAL_CONVERSION = YES;
				CLANG_WARN_OBJC_ROOT_CLASS = YES_ERROR;
				CLANG_WARN_QUOTED_INCLUDE_IN_FRAMEWORK_HEADER = YES;
				CLANG_WARN_RANGE_LOOP_ANALYSIS = YES;
				CLANG_WARN_STRICT_PROTOTYPES = YES;
				CLANG_WARN_SUSPICIOUS_MOVE = YES;
				CLANG_WARN_UNGUARDED_AVAILABILITY = YES_AGGRESSIVE;
				CLANG_WARN_UNREACHABLE_CODE = YES;
				CLANG_WARN__DUPLICATE_METHOD_MATCH = YES;
				COPY_PHASE_STRIP = NO;
				DEBUG_INFORMATION_FORMAT = "dwarf-with-dsym";
				ENABLE_NS_ASSERTIONS = NO;
				ENABLE_STRICT_OBJC_MSGSEND = YES;
				GCC_C_LANGUAGE_STANDARD = gnu11;
				GCC_NO_COMMON_BLOCKS = YES;
				GCC_WARN_64_TO_32_BIT_CONVERSION = YES;
				GCC_WARN_ABOUT_RETURN_TYPE = YES_ERROR;
				GCC_WARN_UNDECLARED_SELECTOR = YES;
				GCC_WARN_UNINITIALIZED_AUTOS = YES_AGGRESSIVE;
				GCC_WARN_UNUSED_FUNCTION = YES;
				GCC_WARN_UNUSED_VARIABLE = YES;
				IPHONEOS_DEPLOYMENT_TARGET = 14.5;
				MTL_ENABLE_DEBUG_INFO = NO;
				MTL_FAST_MATH = YES;
				SDKROOT = iphoneos;
				SWIFT_COMPILATION_MODE = wholemodule;
				SWIFT_OPTIMIZATION_LEVEL = "-O";
				VALIDATE_PRODUCT = YES;
			};
			name = Release;
		};
		09DCD5AF2670DE91008ABB24 /* Debug */ = {
			isa = XCBuildConfiguration;
			buildSettings = {
				ASSETCATALOG_COMPILER_APPICON_NAME = AppIcon;
				ASSETCATALOG_COMPILER_GLOBAL_ACCENT_COLOR_NAME = AccentColor;
				CODE_SIGN_STYLE = Automatic;
				DEVELOPMENT_TEAM = MVHWJ54JZY;
				INFOPLIST_FILE = LittlePink/Info.plist;
				LD_RUNPATH_SEARCH_PATHS = (
					"$(inherited)",
					"@executable_path/Frameworks",
				);
				PRODUCT_BUNDLE_IDENTIFIER = bear.com.LittlePink;
				PRODUCT_NAME = "$(TARGET_NAME)";
				SWIFT_VERSION = 5.0;
				TARGETED_DEVICE_FAMILY = "1,2";
			};
			name = Debug;
		};
		09DCD5B02670DE91008ABB24 /* Release */ = {
			isa = XCBuildConfiguration;
			buildSettings = {
				ASSETCATALOG_COMPILER_APPICON_NAME = AppIcon;
				ASSETCATALOG_COMPILER_GLOBAL_ACCENT_COLOR_NAME = AccentColor;
				CODE_SIGN_STYLE = Automatic;
				DEVELOPMENT_TEAM = MVHWJ54JZY;
				INFOPLIST_FILE = LittlePink/Info.plist;
				LD_RUNPATH_SEARCH_PATHS = (
					"$(inherited)",
					"@executable_path/Frameworks",
				);
				PRODUCT_BUNDLE_IDENTIFIER = bear.com.LittlePink;
				PRODUCT_NAME = "$(TARGET_NAME)";
				SWIFT_VERSION = 5.0;
				TARGETED_DEVICE_FAMILY = "1,2";
			};
			name = Release;
		};
/* End XCBuildConfiguration section */

/* Begin XCConfigurationList section */
		09DCD5922670DE90008ABB24 /* Build configuration list for PBXProject "LittlePink" */ = {
			isa = XCConfigurationList;
			buildConfigurations = (
				09DCD5AC2670DE91008ABB24 /* Debug */,
				09DCD5AD2670DE91008ABB24 /* Release */,
			);
			defaultConfigurationIsVisible = 0;
			defaultConfigurationName = Release;
		};
		09DCD5AE2670DE91008ABB24 /* Build configuration list for PBXNativeTarget "LittlePink" */ = {
			isa = XCConfigurationList;
			buildConfigurations = (
				09DCD5AF2670DE91008ABB24 /* Debug */,
				09DCD5B02670DE91008ABB24 /* Release */,
			);
			defaultConfigurationIsVisible = 0;
			defaultConfigurationName = Release;
		};
/* End XCConfigurationList section */

/* Begin XCVersionGroup section */
		09DCD5A32670DE90008ABB24 /* LittlePink.xcdatamodeld */ = {
			isa = XCVersionGroup;
			children = (
				09DCD5A42670DE90008ABB24 /* LittlePink.xcdatamodel */,
			);
			currentVersion = 09DCD5A42670DE90008ABB24 /* LittlePink.xcdatamodel */;
			path = LittlePink.xcdatamodeld;
			sourceTree = "<group>";
			versionGroupType = wrapper.xcdatamodel;
		};
/* End XCVersionGroup section */
	};
	rootObject = 09DCD58F2670DE90008ABB24 /* Project object */;
}
